# This file is automatically @generated by Cargo.
# It is not intended for manual editing.
version = 4

[[package]]
name = "jet-cli"
version = "0.1.0"

[[package]]
name = "jet-core"
version = "0.1.0"

[[package]]
name = "jet-pack"
version = "0.1.0"

[[package]]
name = "jet-server"
version = "0.1.0"
